{
  "version": 4,
  "terraform_version": "1.4.2",
  "serial": 1,
  "lineage": "b936586a-6404-379f-f249-7d9fa9c08b27",
  "outputs": {},
  "resources": [
    {
      "mode": "managed",
      "type": "google_container_cluster",
      "name": "my_cluster",
      "provider": "provider[\"registry.terraform.io/hashicorp/google\"]",
      "instances": [
        {
          "schema_version": 1,
          "attributes": {
            "addons_config": [
              {
                "cloudrun_config": [],
                "config_connector_config": [],
                "dns_cache_config": [],
                "gce_persistent_disk_csi_driver_config": [
                  {
                    "enabled": true
                  }
                ],
                "gcp_filestore_csi_driver_config": [],
                "gke_backup_agent_config": [],
                "horizontal_pod_autoscaling": [],
                "http_load_balancing": [],
                "network_policy_config": [
                  {
                    "disabled": true
                  }
                ]
              }
            ],
            "authenticator_groups_config": [],
            "binary_authorization": [
              {
                "enabled": false,
                "evaluation_mode": ""
              }
            ],
            "cluster_autoscaling": [
              {
                "auto_provisioning_defaults": [],
                "enabled": false,
                "resource_limits": []
              }
            ],
            "cluster_ipv4_cidr": "10.76.0.0/14",
            "confidential_nodes": [],
            "cost_management_config": [],
            "database_encryption": [
              {
                "key_name": "",
                "state": "DECRYPTED"
              }
            ],
            "datapath_provider": "",
            "default_max_pods_per_node": null,
            "default_snat_status": [
              {
                "disabled": false
              }
            ],
            "description": "",
            "dns_config": [],
            "enable_autopilot": false,
            "enable_binary_authorization": false,
            "enable_intranode_visibility": false,
            "enable_kubernetes_alpha": false,
            "enable_l4_ilb_subsetting": false,
            "enable_legacy_abac": false,
            "enable_shielded_nodes": true,
            "enable_tpu": false,
            "endpoint": "34.77.186.222",
            "gateway_api_config": [],
            "id": "projects/cle-api-map-353221/locations/europe-west1-b/clusters/my-cluster",
            "initial_node_count": 3,
            "ip_allocation_policy": [],
            "label_fingerprint": "a9dc16a7",
            "location": "europe-west1-b",
            "logging_config": [
              {
                "enable_components": [
                  "SYSTEM_COMPONENTS",
                  "WORKLOADS"
                ]
              }
            ],
            "logging_service": "logging.googleapis.com/kubernetes",
            "maintenance_policy": [],
            "master_auth": [
              {
                "client_certificate": "",
                "client_certificate_config": [
                  {
                    "issue_client_certificate": false
                  }
                ],
                "client_key": "",
                "cluster_ca_certificate": "LS0tLS1CRUdJTiBDRVJUSUZJQ0FURS0tLS0tCk1JSUVMVENDQXBXZ0F3SUJBZ0lSQUtpRkV4SDMxR1dvRXdCbVpubnlZSXN3RFFZSktvWklodmNOQVFFTEJRQXcKTHpFdE1Dc0dBMVVFQXhNa01tTTJOamN5Tm1VdE1tUXhNeTAwWm1WaUxXSmtaR1V0Wm1ZNE9UZGtObUV5T0RKawpNQ0FYRFRJek1ETXlOVEU1TVRNMU1Wb1lEekl3TlRNd016RTNNakF4TXpVeFdqQXZNUzB3S3dZRFZRUURFeVF5Cll6WTJOekkyWlMweVpERXpMVFJtWldJdFltUmtaUzFtWmpnNU4yUTJZVEk0TW1Rd2dnR2lNQTBHQ1NxR1NJYjMKRFFFQkFRVUFBNElCandBd2dnR0tBb0lCZ1FDK3I4RTRjM1VBdFNhdkxpcm9IcWVxbWxQVGpzUExhOGZ2NXlsUgpQNWFEYVYwY08rOTNFenc0R0RUVlp1TDBpeTB5VjhlNTJUcWdWNXpvRm5nRCthZXZQZ0Y1bXNQOEU5bnBoVmVCCjJ0Zk9keVk3cXlmSDc5VHNFTmVVOW5BQjNnRWNTSEsxbUJlbVBZOTFWZTJKSmttNjhCZVJ4TVlWeHJkZFdCVEIKbEV5MFF5b2lwTnprK0FVSmhERHQ4c2xDYmVMZUZBRzY4eHJucCtvRzlwQmRIZHU5Mm0xYkVVZGlLU3dEZDdocApmbUlFRlRQd2J1TXEweWwyaE1GOWpJTjhqTzVHZlUyK0p3R2xwQjFQTmZRcTVSejlhUGRHb2RBTUxMTDk3dFphCi8rSzE4VUJEZ2VOcndRZVdkYlV4Njc5ZkFQN05RUDcxcHgwbEVlSkFlUUJVOHIrNEZkTktwcENwWWc4SmNEdTcKZ3RacGVTUkFUTWVDT2d4cW5tdGloRVpCU3ZRVmdYZnhDTkY1OTgvVUNUd0tEWElGOTJ3c1o0ZkNWYmx0bXFUWAp2RmRnYi93Yk9FSXFGbVRxai9CZ0NtQ25mZW42YllKdDFRV3BzRE9BR2p1Qy9rSmhUVzZpeFF3Yy9LVzZGZXRzCjJ0ZldsYS9ERDRTNTlHS2tseHE3eE1ZcEpqY0NBd0VBQWFOQ01FQXdEZ1lEVlIwUEFRSC9CQVFEQWdJRU1BOEcKQTFVZEV3RUIvd1FGTUFNQkFmOHdIUVlEVlIwT0JCWUVGSFlURTExZ2psMFkwUG1jRld4Q2kxd0dHbFp2TUEwRwpDU3FHU0liM0RRRUJDd1VBQTRJQmdRQVgzd2prbjZPRWw3Znl5ZjgvMHlQaWIrTG9NbmRLa2VuWGd0N1p1WTRBCkJJajV1ek5WOVBVUmZSYS9RL0JhZk5EOERXWlhrQncrMm9teWovWitycDZFeGZCMnFvVldpdnc2TjVlYWYyTzYKamxaQkVBWTJTWFBMSzZmSE1MdHJYaGlIcmw5dDZxWTQwVTUxUnF1SzhEQkw2T3pWVGxOSVRiS2NKRm1tRmEvLwpFeEVPWktncURuZTZRMCtsajVVanF1UmNDMHRsc1BrR1h2R3BpRWNab2hjTVl4bFJVWWs5ZFpqUm5GdTNIYXlPCkxTNkwwUTlIWTJpaUY3ZUh3bFpJWU9sV2kxQmFoaVdKS1BIQnhzNXRNclAxdStEWit2bTZ3dkQxOXg2eFo2RFgKOWE4cmQ4alk0RTNqSkpDUk1yaWx3MERGSUZRWjJ2ZkhKYmVyTmNaRmFPczZIckFKRTBmUDZQamFaekRSNitRagpuRU5oRTBRWmpNWVAvZWdYTTg5Z3pVUGMzMjlXWk5LY1FwRDJRVkxhV3UvLzM0TnZnbXZJeUNha1piTUUxcDlJClcvTWprVEc5L3ptZE9UVHRwbHpSUWV3eVVHbldqeFFlMWdjcEYxdnhSU3VQQkU3MWZEeno3NTdHc29nMi9qOGQKaHdROEQ2eVFJYU5md1ZkRExUYjVEM2M9Ci0tLS0tRU5EIENFUlRJRklDQVRFLS0tLS0K"
              }
            ],
            "master_authorized_networks_config": [],
            "master_version": "1.24.9-gke.3200",
            "mesh_certificates": [],
            "min_master_version": null,
            "monitoring_config": [
              {
                "enable_components": [
                  "SYSTEM_COMPONENTS"
                ],
                "managed_prometheus": []
              }
            ],
            "monitoring_service": "monitoring.googleapis.com/kubernetes",
            "name": "my-cluster",
            "network": "projects/cle-api-map-353221/global/networks/default",
            "network_policy": [
              {
                "enabled": false,
                "provider": "PROVIDER_UNSPECIFIED"
              }
            ],
            "networking_mode": "ROUTES",
            "node_config": [
              {
                "boot_disk_kms_key": "",
                "disk_size_gb": 20,
                "disk_type": "pd-balanced",
                "gcfs_config": [],
                "guest_accelerator": [],
                "gvnic": [],
                "image_type": "COS_CONTAINERD",
                "kubelet_config": [],
                "labels": {},
                "linux_node_config": [],
                "local_ssd_count": 0,
                "logging_variant": "DEFAULT",
                "machine_type": "n1-standard-1",
                "metadata": {
                  "disable-legacy-endpoints": "true"
                },
                "min_cpu_platform": "",
                "node_group": "",
                "oauth_scopes": [
                  "https://www.googleapis.com/auth/devstorage.read_only",
                  "https://www.googleapis.com/auth/logging.write",
                  "https://www.googleapis.com/auth/monitoring",
                  "https://www.googleapis.com/auth/service.management.readonly",
                  "https://www.googleapis.com/auth/servicecontrol",
                  "https://www.googleapis.com/auth/trace.append"
                ],
                "preemptible": false,
                "reservation_affinity": [],
                "resource_labels": null,
                "service_account": "default",
                "shielded_instance_config": [
                  {
                    "enable_integrity_monitoring": true,
                    "enable_secure_boot": false
                  }
                ],
                "spot": false,
                "tags": null,
                "taint": [],
                "workload_metadata_config": []
              }
            ],
            "node_locations": [],
            "node_pool": [
              {
                "autoscaling": [],
                "initial_node_count": 3,
                "instance_group_urls": [
                  "https://www.googleapis.com/compute/v1/projects/cle-api-map-353221/zones/europe-west1-b/instanceGroupManagers/gke-my-cluster-default-pool-aacf9d28-grp"
                ],
                "managed_instance_group_urls": [
                  "https://www.googleapis.com/compute/v1/projects/cle-api-map-353221/zones/europe-west1-b/instanceGroups/gke-my-cluster-default-pool-aacf9d28-grp"
                ],
                "management": [
                  {
                    "auto_repair": true,
                    "auto_upgrade": true
                  }
                ],
                "max_pods_per_node": 0,
                "name": "default-pool",
                "name_prefix": "",
                "network_config": [
                  {
                    "create_pod_range": false,
                    "enable_private_nodes": false,
                    "pod_ipv4_cidr_block": "",
                    "pod_range": ""
                  }
                ],
                "node_config": [
                  {
                    "boot_disk_kms_key": "",
                    "disk_size_gb": 20,
                    "disk_type": "pd-balanced",
                    "gcfs_config": [],
                    "guest_accelerator": [],
                    "gvnic": [],
                    "image_type": "COS_CONTAINERD",
                    "kubelet_config": [],
                    "labels": {},
                    "linux_node_config": [],
                    "local_ssd_count": 0,
                    "logging_variant": "DEFAULT",
                    "machine_type": "n1-standard-1",
                    "metadata": {
                      "disable-legacy-endpoints": "true"
                    },
                    "min_cpu_platform": "",
                    "node_group": "",
                    "oauth_scopes": [
                      "https://www.googleapis.com/auth/devstorage.read_only",
                      "https://www.googleapis.com/auth/logging.write",
                      "https://www.googleapis.com/auth/monitoring",
                      "https://www.googleapis.com/auth/service.management.readonly",
                      "https://www.googleapis.com/auth/servicecontrol",
                      "https://www.googleapis.com/auth/trace.append"
                    ],
                    "preemptible": false,
                    "reservation_affinity": [],
                    "resource_labels": {},
                    "service_account": "default",
                    "shielded_instance_config": [
                      {
                        "enable_integrity_monitoring": true,
                        "enable_secure_boot": false
                      }
                    ],
                    "spot": false,
                    "tags": [],
                    "taint": [],
                    "workload_metadata_config": []
                  }
                ],
                "node_count": 3,
                "node_locations": [
                  "europe-west1-b"
                ],
                "placement_policy": [],
                "upgrade_settings": [
                  {
                    "blue_green_settings": [],
                    "max_surge": 1,
                    "max_unavailable": 0,
                    "strategy": "SURGE"
                  }
                ],
                "version": "1.24.9-gke.3200"
              }
            ],
            "node_pool_defaults": [
              {
                "node_config_defaults": [
                  {
                    "logging_variant": "DEFAULT"
                  }
                ]
              }
            ],
            "node_version": "1.24.9-gke.3200",
            "notification_config": [
              {
                "pubsub": [
                  {
                    "enabled": false,
                    "filter": [],
                    "topic": ""
                  }
                ]
              }
            ],
            "operation": null,
            "private_cluster_config": [
              {
                "enable_private_endpoint": false,
                "enable_private_nodes": false,
                "master_global_access_config": [
                  {
                    "enabled": false
                  }
                ],
                "master_ipv4_cidr_block": "",
                "peering_name": "",
                "private_endpoint": "10.132.0.5",
                "private_endpoint_subnetwork": "",
                "public_endpoint": "34.77.186.222"
              }
            ],
            "private_ipv6_google_access": "",
            "project": "cle-api-map-353221",
            "release_channel": [
              {
                "channel": "REGULAR"
              }
            ],
            "remove_default_node_pool": null,
            "resource_labels": null,
            "resource_usage_export_config": [],
            "self_link": "https://container.googleapis.com/v1/projects/cle-api-map-353221/zones/europe-west1-b/clusters/my-cluster",
            "service_external_ips_config": [
              {
                "enabled": false
              }
            ],
            "services_ipv4_cidr": "10.79.240.0/20",
            "subnetwork": "projects/cle-api-map-353221/regions/europe-west1/subnetworks/default",
            "timeouts": null,
            "tpu_ipv4_cidr_block": "",
            "vertical_pod_autoscaling": [],
            "workload_identity_config": []
          },
          "sensitive_attributes": [],
          "private": "eyJlMmJmYjczMC1lY2FhLTExZTYtOGY4OC0zNDM2M2JjN2M0YzAiOnsiY3JlYXRlIjoyNDAwMDAwMDAwMDAwLCJkZWxldGUiOjI0MDAwMDAwMDAwMDAsInJlYWQiOjI0MDAwMDAwMDAwMDAsInVwZGF0ZSI6MzYwMDAwMDAwMDAwMH0sInNjaGVtYV92ZXJzaW9uIjoiMSJ9"
        }
      ]
    }
  ],
  "check_results": null
}
